// !$*UTF8*$!
{
	archiveVersion = 1;
	classes = {
	};
	objectVersion = 46;
	objects = {

/* Begin PBXBuildFile section */
		F2FD96491A859A7F0047BB9C /* main.m in Sources */ = {isa = PBXBuildFile; fileRef = F2FD96481A859A7F0047BB9C /* main.m */; };
		F2FD964C1A859A7F0047BB9C /* AppDelegate.m in Sources */ = {isa = PBXBuildFile; fileRef = F2FD964B1A859A7F0047BB9C /* AppDelegate.m */; };
		F2FD964F1A859A7F0047BB9C /* Home.m in Sources */ = {isa = PBXBuildFile; fileRef = F2FD964E1A859A7F0047BB9C /* Home.m */; };
		F2FD96521A859A7F0047BB9C /* Main.storyboard in Resources */ = {isa = PBXBuildFile; fileRef = F2FD96501A859A7F0047BB9C /* Main.storyboard */; };
		F2FD96541A859A7F0047BB9C /* Images.xcassets in Resources */ = {isa = PBXBuildFile; fileRef = F2FD96531A859A7F0047BB9C /* Images.xcassets */; };
		F2FD96571A859A7F0047BB9C /* LaunchScreen.xib in Resources */ = {isa = PBXBuildFile; fileRef = F2FD96551A859A7F0047BB9C /* LaunchScreen.xib */; };
		F2FD96631A859A7F0047BB9C /* PushNotificationAppTests.m in Sources */ = {isa = PBXBuildFile; fileRef = F2FD96621A859A7F0047BB9C /* PushNotificationAppTests.m */; };
		F2FD968D1A859E1B0047BB9C /* NSDate+RFC1123.html in Resources */ = {isa = PBXBuildFile; fileRef = F2FD96701A859E1B0047BB9C /* NSDate+RFC1123.html */; };
		F2FD968E1A859E1B0047BB9C /* NSString+GTMNSStringHTMLAdditions.html in Resources */ = {isa = PBXBuildFile; fileRef = F2FD96711A859E1B0047BB9C /* NSString+GTMNSStringHTMLAdditions.html */; };
		F2FD968F1A859E1B0047BB9C /* PushNotificationManager.html in Resources */ = {isa = PBXBuildFile; fileRef = F2FD96731A859E1B0047BB9C /* PushNotificationManager.html */; };
		F2FD96901A859E1B0047BB9C /* PWNetworkEngine.html in Resources */ = {isa = PBXBuildFile; fileRef = F2FD96741A859E1B0047BB9C /* PWNetworkEngine.html */; };
		F2FD96911A859E1B0047BB9C /* PWNetworkOperation.html in Resources */ = {isa = PBXBuildFile; fileRef = F2FD96751A859E1B0047BB9C /* PWNetworkOperation.html */; };
		F2FD96921A859E1B0047BB9C /* PWReachability.html in Resources */ = {isa = PBXBuildFile; fileRef = F2FD96761A859E1B0047BB9C /* PWReachability.html */; };
		F2FD96931A859E1B0047BB9C /* PWTags.html in Resources */ = {isa = PBXBuildFile; fileRef = F2FD96771A859E1B0047BB9C /* PWTags.html */; };
		F2FD96941A859E1B0047BB9C /* PWBeaconAction.html in Resources */ = {isa = PBXBuildFile; fileRef = F2FD96791A859E1B0047BB9C /* PWBeaconAction.html */; };
		F2FD96951A859E1B0047BB9C /* PWSupportedOrientations.html in Resources */ = {isa = PBXBuildFile; fileRef = F2FD967A1A859E1B0047BB9C /* PWSupportedOrientations.html */; };
		F2FD96961A859E1B0047BB9C /* styles.css in Resources */ = {isa = PBXBuildFile; fileRef = F2FD967C1A859E1B0047BB9C /* styles.css */; };
		F2FD96971A859E1B0047BB9C /* stylesPrint.css in Resources */ = {isa = PBXBuildFile; fileRef = F2FD967D1A859E1B0047BB9C /* stylesPrint.css */; };
		F2FD96981A859E1B0047BB9C /* hierarchy.html in Resources */ = {isa = PBXBuildFile; fileRef = F2FD967E1A859E1B0047BB9C /* hierarchy.html */; };
		F2FD96991A859E1B0047BB9C /* button_bar_background.png in Resources */ = {isa = PBXBuildFile; fileRef = F2FD96801A859E1B0047BB9C /* button_bar_background.png */; };
		F2FD969A1A859E1B0047BB9C /* disclosure.png in Resources */ = {isa = PBXBuildFile; fileRef = F2FD96811A859E1B0047BB9C /* disclosure.png */; };
		F2FD969B1A859E1B0047BB9C /* disclosure_open.png in Resources */ = {isa = PBXBuildFile; fileRef = F2FD96821A859E1B0047BB9C /* disclosure_open.png */; };
		F2FD969C1A859E1B0047BB9C /* library_background.png in Resources */ = {isa = PBXBuildFile; fileRef = F2FD96831A859E1B0047BB9C /* library_background.png */; };
		F2FD969D1A859E1B0047BB9C /* title_background.png in Resources */ = {isa = PBXBuildFile; fileRef = F2FD96841A859E1B0047BB9C /* title_background.png */; };
		F2FD969E1A859E1B0047BB9C /* index.html in Resources */ = {isa = PBXBuildFile; fileRef = F2FD96851A859E1B0047BB9C /* index.html */; };
		F2FD969F1A859E1B0047BB9C /* PushNotificationDelegate.html in Resources */ = {isa = PBXBuildFile; fileRef = F2FD96871A859E1B0047BB9C /* PushNotificationDelegate.html */; };
		F2FD96A01A859E1B0047BB9C /* Pushwoosh.framework in Frameworks */ = {isa = PBXBuildFile; fileRef = F2FD96891A859E1B0047BB9C /* Pushwoosh.framework */; };
		F2FD96A11A859E1B0047BB9C /* LICENSE in Resources */ = {isa = PBXBuildFile; fileRef = F2FD968A1A859E1B0047BB9C /* LICENSE */; };
		F2FD96A21A859E1B0047BB9C /* README.md in Sources */ = {isa = PBXBuildFile; fileRef = F2FD968B1A859E1B0047BB9C /* README.md */; };
		F2FD96A31A859E1B0047BB9C /* VERSION.md in Sources */ = {isa = PBXBuildFile; fileRef = F2FD968C1A859E1B0047BB9C /* VERSION.md */; };
		F2FD96A51A859E480047BB9C /* MobileCoreServices.framework in Frameworks */ = {isa = PBXBuildFile; fileRef = F2FD96A41A859E480047BB9C /* MobileCoreServices.framework */; };
		F2FD96A91A85B47D0047BB9C /* pushNotificatioinsIcon.png in Resources */ = {isa = PBXBuildFile; fileRef = F2FD96A81A85B47D0047BB9C /* pushNotificatioinsIcon.png */; };
/* End PBXBuildFile section */

/* Begin PBXContainerItemProxy section */
		F2FD965D1A859A7F0047BB9C /* PBXContainerItemProxy */ = {
			isa = PBXContainerItemProxy;
			containerPortal = F2FD963B1A859A7F0047BB9C /* Project object */;
			proxyType = 1;
			remoteGlobalIDString = F2FD96421A859A7F0047BB9C;
			remoteInfo = PushNotificationApp;
		};
/* End PBXContainerItemProxy section */

/* Begin PBXFileReference section */
		F2FD96431A859A7F0047BB9C /* PushNotificationApp.app */ = {isa = PBXFileReference; explicitFileType = wrapper.application; includeInIndex = 0; path = PushNotificationApp.app; sourceTree = BUILT_PRODUCTS_DIR; };
		F2FD96471A859A7F0047BB9C /* Info.plist */ = {isa = PBXFileReference; lastKnownFileType = text.plist.xml; path = Info.plist; sourceTree = "<group>"; };
		F2FD96481A859A7F0047BB9C /* main.m */ = {isa = PBXFileReference; lastKnownFileType = sourcecode.c.objc; path = main.m; sourceTree = "<group>"; };
		F2FD964A1A859A7F0047BB9C /* AppDelegate.h */ = {isa = PBXFileReference; lastKnownFileType = sourcecode.c.h; path = AppDelegate.h; sourceTree = "<group>"; };
		F2FD964B1A859A7F0047BB9C /* AppDelegate.m */ = {isa = PBXFileReference; lastKnownFileType = sourcecode.c.objc; path = AppDelegate.m; sourceTree = "<group>"; };
		F2FD964D1A859A7F0047BB9C /* Home.h */ = {isa = PBXFileReference; lastKnownFileType = sourcecode.c.h; path = Home.h; sourceTree = "<group>"; };
		F2FD964E1A859A7F0047BB9C /* Home.m */ = {isa = PBXFileReference; lastKnownFileType = sourcecode.c.objc; path = Home.m; sourceTree = "<group>"; };
		F2FD96511A859A7F0047BB9C /* Base */ = {isa = PBXFileReference; lastKnownFileType = file.storyboard; name = Base; path = Base.lproj/Main.storyboard; sourceTree = "<group>"; };
		F2FD96531A859A7F0047BB9C /* Images.xcassets */ = {isa = PBXFileReference; lastKnownFileType = folder.assetcatalog; path = Images.xcassets; sourceTree = "<group>"; };
		F2FD96561A859A7F0047BB9C /* Base */ = {isa = PBXFileReference; lastKnownFileType = file.xib; name = Base; path = Base.lproj/LaunchScreen.xib; sourceTree = "<group>"; };
		F2FD965C1A859A7F0047BB9C /* PushNotificationAppTests.xctest */ = {isa = PBXFileReference; explicitFileType = wrapper.cfbundle; includeInIndex = 0; path = PushNotificationAppTests.xctest; sourceTree = BUILT_PRODUCTS_DIR; };
		F2FD96611A859A7F0047BB9C /* Info.plist */ = {isa = PBXFileReference; lastKnownFileType = text.plist.xml; path = Info.plist; sourceTree = "<group>"; };
		F2FD96621A859A7F0047BB9C /* PushNotificationAppTests.m */ = {isa = PBXFileReference; lastKnownFileType = sourcecode.c.objc; path = PushNotificationAppTests.m; sourceTree = "<group>"; };
		F2FD96701A859E1B0047BB9C /* NSDate+RFC1123.html */ = {isa = PBXFileReference; fileEncoding = 4; lastKnownFileType = text.html.documentation; path = "NSDate+RFC1123.html"; sourceTree = "<group>"; };
		F2FD96711A859E1B0047BB9C /* NSString+GTMNSStringHTMLAdditions.html */ = {isa = PBXFileReference; fileEncoding = 4; lastKnownFileType = text.html.documentation; path = "NSString+GTMNSStringHTMLAdditions.html"; sourceTree = "<group>"; };
		F2FD96731A859E1B0047BB9C /* PushNotificationManager.html */ = {isa = PBXFileReference; fileEncoding = 4; lastKnownFileType = text.html.documentation; path = PushNotificationManager.html; sourceTree = "<group>"; };
		F2FD96741A859E1B0047BB9C /* PWNetworkEngine.html */ = {isa = PBXFileReference; fileEncoding = 4; lastKnownFileType = text.html.documentation; path = PWNetworkEngine.html; sourceTree = "<group>"; };
		F2FD96751A859E1B0047BB9C /* PWNetworkOperation.html */ = {isa = PBXFileReference; fileEncoding = 4; lastKnownFileType = text.html.documentation; path = PWNetworkOperation.html; sourceTree = "<group>"; };
		F2FD96761A859E1B0047BB9C /* PWReachability.html */ = {isa = PBXFileReference; fileEncoding = 4; lastKnownFileType = text.html.documentation; path = PWReachability.html; sourceTree = "<group>"; };
		F2FD96771A859E1B0047BB9C /* PWTags.html */ = {isa = PBXFileReference; fileEncoding = 4; lastKnownFileType = text.html.documentation; path = PWTags.html; sourceTree = "<group>"; };
		F2FD96791A859E1B0047BB9C /* PWBeaconAction.html */ = {isa = PBXFileReference; fileEncoding = 4; lastKnownFileType = text.html.documentation; path = PWBeaconAction.html; sourceTree = "<group>"; };
		F2FD967A1A859E1B0047BB9C /* PWSupportedOrientations.html */ = {isa = PBXFileReference; fileEncoding = 4; lastKnownFileType = text.html.documentation; path = PWSupportedOrientations.html; sourceTree = "<group>"; };
		F2FD967C1A859E1B0047BB9C /* styles.css */ = {isa = PBXFileReference; fileEncoding = 4; lastKnownFileType = text.css; path = styles.css; sourceTree = "<group>"; };
		F2FD967D1A859E1B0047BB9C /* stylesPrint.css */ = {isa = PBXFileReference; fileEncoding = 4; lastKnownFileType = text.css; path = stylesPrint.css; sourceTree = "<group>"; };
		F2FD967E1A859E1B0047BB9C /* hierarchy.html */ = {isa = PBXFileReference; fileEncoding = 4; lastKnownFileType = text.html.documentation; path = hierarchy.html; sourceTree = "<group>"; };
		F2FD96801A859E1B0047BB9C /* button_bar_background.png */ = {isa = PBXFileReference; lastKnownFileType = image.png; path = button_bar_background.png; sourceTree = "<group>"; };
		F2FD96811A859E1B0047BB9C /* disclosure.png */ = {isa = PBXFileReference; lastKnownFileType = image.png; path = disclosure.png; sourceTree = "<group>"; };
		F2FD96821A859E1B0047BB9C /* disclosure_open.png */ = {isa = PBXFileReference; lastKnownFileType = image.png; path = disclosure_open.png; sourceTree = "<group>"; };
		F2FD96831A859E1B0047BB9C /* library_background.png */ = {isa = PBXFileReference; lastKnownFileType = image.png; path = library_background.png; sourceTree = "<group>"; };
		F2FD96841A859E1B0047BB9C /* title_background.png */ = {isa = PBXFileReference; lastKnownFileType = image.png; path = title_background.png; sourceTree = "<group>"; };
		F2FD96851A859E1B0047BB9C /* index.html */ = {isa = PBXFileReference; fileEncoding = 4; lastKnownFileType = text.html.documentation; path = index.html; sourceTree = "<group>"; };
		F2FD96871A859E1B0047BB9C /* PushNotificationDelegate.html */ = {isa = PBXFileReference; fileEncoding = 4; lastKnownFileType = text.html.documentation; path = PushNotificationDelegate.html; sourceTree = "<group>"; };
		F2FD96891A859E1B0047BB9C /* Pushwoosh.framework */ = {isa = PBXFileReference; lastKnownFileType = wrapper.framework; path = Pushwoosh.framework; sourceTree = "<group>"; };
		F2FD968A1A859E1B0047BB9C /* LICENSE */ = {isa = PBXFileReference; fileEncoding = 4; lastKnownFileType = text; path = LICENSE; sourceTree = "<group>"; };
		F2FD968B1A859E1B0047BB9C /* README.md */ = {isa = PBXFileReference; fileEncoding = 4; lastKnownFileType = net.daringfireball.markdown; path = README.md; sourceTree = "<group>"; };
		F2FD968C1A859E1B0047BB9C /* VERSION.md */ = {isa = PBXFileReference; fileEncoding = 4; lastKnownFileType = net.daringfireball.markdown; path = VERSION.md; sourceTree = "<group>"; };
		F2FD96A41A859E480047BB9C /* MobileCoreServices.framework */ = {isa = PBXFileReference; lastKnownFileType = wrapper.framework; name = MobileCoreServices.framework; path = System/Library/Frameworks/MobileCoreServices.framework; sourceTree = SDKROOT; };
		F2FD96A81A85B47D0047BB9C /* pushNotificatioinsIcon.png */ = {isa = PBXFileReference; lastKnownFileType = image.png; path = pushNotificatioinsIcon.png; sourceTree = "<group>"; };
/* End PBXFileReference section */

/* Begin PBXFrameworksBuildPhase section */
		F2FD96401A859A7F0047BB9C /* Frameworks */ = {
			isa = PBXFrameworksBuildPhase;
			buildActionMask = 2147483647;
			files = (
				F2FD96A51A859E480047BB9C /* MobileCoreServices.framework in Frameworks */,
				F2FD96A01A859E1B0047BB9C /* Pushwoosh.framework in Frameworks */,
			);
			runOnlyForDeploymentPostprocessing = 0;
		};
		F2FD96591A859A7F0047BB9C /* Frameworks */ = {
			isa = PBXFrameworksBuildPhase;
			buildActionMask = 2147483647;
			files = (
			);
			runOnlyForDeploymentPostprocessing = 0;
		};
/* End PBXFrameworksBuildPhase section */

/* Begin PBXGroup section */
		F2FD963A1A859A7F0047BB9C = {
			isa = PBXGroup;
			children = (
				F2FD96451A859A7F0047BB9C /* PushNotificationApp */,
				F2FD965F1A859A7F0047BB9C /* PushNotificationAppTests */,
				F2FD96441A859A7F0047BB9C /* Products */,
			);
			sourceTree = "<group>";
		};
		F2FD96441A859A7F0047BB9C /* Products */ = {
			isa = PBXGroup;
			children = (
				F2FD96431A859A7F0047BB9C /* PushNotificationApp.app */,
				F2FD965C1A859A7F0047BB9C /* PushNotificationAppTests.xctest */,
			);
			name = Products;
			sourceTree = "<group>";
		};
		F2FD96451A859A7F0047BB9C /* PushNotificationApp */ = {
			isa = PBXGroup;
			children = (
				F2FD96A61A85B44B0047BB9C /* static */,
				F2FD966C1A859E0D0047BB9C /* Frameworks */,
				F2FD964A1A859A7F0047BB9C /* AppDelegate.h */,
				F2FD964B1A859A7F0047BB9C /* AppDelegate.m */,
				F2FD964D1A859A7F0047BB9C /* Home.h */,
				F2FD964E1A859A7F0047BB9C /* Home.m */,
				F2FD96501A859A7F0047BB9C /* Main.storyboard */,
				F2FD96531A859A7F0047BB9C /* Images.xcassets */,
				F2FD96551A859A7F0047BB9C /* LaunchScreen.xib */,
				F2FD96461A859A7F0047BB9C /* Supporting Files */,
			);
			path = PushNotificationApp;
			sourceTree = "<group>";
		};
		F2FD96461A859A7F0047BB9C /* Supporting Files */ = {
			isa = PBXGroup;
			children = (
				F2FD96471A859A7F0047BB9C /* Info.plist */,
				F2FD96481A859A7F0047BB9C /* main.m */,
			);
			name = "Supporting Files";
			sourceTree = "<group>";
		};
		F2FD965F1A859A7F0047BB9C /* PushNotificationAppTests */ = {
			isa = PBXGroup;
			children = (
				F2FD96621A859A7F0047BB9C /* PushNotificationAppTests.m */,
				F2FD96601A859A7F0047BB9C /* Supporting Files */,
			);
			path = PushNotificationAppTests;
			sourceTree = "<group>";
		};
		F2FD96601A859A7F0047BB9C /* Supporting Files */ = {
			isa = PBXGroup;
			children = (
				F2FD96611A859A7F0047BB9C /* Info.plist */,
			);
			name = "Supporting Files";
			sourceTree = "<group>";
		};
		F2FD966C1A859E0D0047BB9C /* Frameworks */ = {
			isa = PBXGroup;
			children = (
				F2FD966D1A859E1B0047BB9C /* pushwoosh-ios-sdk-master */,
			);
			name = Frameworks;
			sourceTree = "<group>";
		};
		F2FD966D1A859E1B0047BB9C /* pushwoosh-ios-sdk-master */ = {
			isa = PBXGroup;
			children = (
				F2FD966E1A859E1B0047BB9C /* Documentation */,
				F2FD96881A859E1B0047BB9C /* Framework */,
				F2FD968A1A859E1B0047BB9C /* LICENSE */,
				F2FD968B1A859E1B0047BB9C /* README.md */,
				F2FD968C1A859E1B0047BB9C /* VERSION.md */,
			);
			path = "pushwoosh-ios-sdk-master";
			sourceTree = "<group>";
		};
		F2FD966E1A859E1B0047BB9C /* Documentation */ = {
			isa = PBXGroup;
			children = (
				F2FD966F1A859E1B0047BB9C /* Categories */,
				F2FD96721A859E1B0047BB9C /* Classes */,
				F2FD96781A859E1B0047BB9C /* Constants */,
				F2FD967B1A859E1B0047BB9C /* css */,
				F2FD967E1A859E1B0047BB9C /* hierarchy.html */,
				F2FD967F1A859E1B0047BB9C /* img */,
				F2FD96851A859E1B0047BB9C /* index.html */,
				F2FD96861A859E1B0047BB9C /* Protocols */,
			);
			path = Documentation;
			sourceTree = "<group>";
		};
		F2FD966F1A859E1B0047BB9C /* Categories */ = {
			isa = PBXGroup;
			children = (
				F2FD96701A859E1B0047BB9C /* NSDate+RFC1123.html */,
				F2FD96711A859E1B0047BB9C /* NSString+GTMNSStringHTMLAdditions.html */,
			);
			path = Categories;
			sourceTree = "<group>";
		};
		F2FD96721A859E1B0047BB9C /* Classes */ = {
			isa = PBXGroup;
			children = (
				F2FD96731A859E1B0047BB9C /* PushNotificationManager.html */,
				F2FD96741A859E1B0047BB9C /* PWNetworkEngine.html */,
				F2FD96751A859E1B0047BB9C /* PWNetworkOperation.html */,
				F2FD96761A859E1B0047BB9C /* PWReachability.html */,
				F2FD96771A859E1B0047BB9C /* PWTags.html */,
			);
			path = Classes;
			sourceTree = "<group>";
		};
		F2FD96781A859E1B0047BB9C /* Constants */ = {
			isa = PBXGroup;
			children = (
				F2FD96791A859E1B0047BB9C /* PWBeaconAction.html */,
				F2FD967A1A859E1B0047BB9C /* PWSupportedOrientations.html */,
			);
			path = Constants;
			sourceTree = "<group>";
		};
		F2FD967B1A859E1B0047BB9C /* css */ = {
			isa = PBXGroup;
			children = (
				F2FD967C1A859E1B0047BB9C /* styles.css */,
				F2FD967D1A859E1B0047BB9C /* stylesPrint.css */,
			);
			path = css;
			sourceTree = "<group>";
		};
		F2FD967F1A859E1B0047BB9C /* img */ = {
			isa = PBXGroup;
			children = (
				F2FD96801A859E1B0047BB9C /* button_bar_background.png */,
				F2FD96811A859E1B0047BB9C /* disclosure.png */,
				F2FD96821A859E1B0047BB9C /* disclosure_open.png */,
				F2FD96831A859E1B0047BB9C /* library_background.png */,
				F2FD96841A859E1B0047BB9C /* title_background.png */,
			);
			path = img;
			sourceTree = "<group>";
		};
		F2FD96861A859E1B0047BB9C /* Protocols */ = {
			isa = PBXGroup;
			children = (
				F2FD96871A859E1B0047BB9C /* PushNotificationDelegate.html */,
			);
			path = Protocols;
			sourceTree = "<group>";
		};
		F2FD96881A859E1B0047BB9C /* Framework */ = {
			isa = PBXGroup;
			children = (
				F2FD96A41A859E480047BB9C /* MobileCoreServices.framework */,
				F2FD96891A859E1B0047BB9C /* Pushwoosh.framework */,
			);
			path = Framework;
			sourceTree = "<group>";
		};
		F2FD96A61A85B44B0047BB9C /* static */ = {
			isa = PBXGroup;
			children = (
				F2FD96A71A85B47D0047BB9C /* static */,
			);
			name = static;
			sourceTree = "<group>";
		};
		F2FD96A71A85B47D0047BB9C /* static */ = {
			isa = PBXGroup;
			children = (
				F2FD96A81A85B47D0047BB9C /* pushNotificatioinsIcon.png */,
			);
			path = static;
			sourceTree = "<group>";
		};
/* End PBXGroup section */

/* Begin PBXNativeTarget section */
		F2FD96421A859A7F0047BB9C /* PushNotificationApp */ = {
			isa = PBXNativeTarget;
			buildConfigurationList = F2FD96661A859A7F0047BB9C /* Build configuration list for PBXNativeTarget "PushNotificationApp" */;
			buildPhases = (
				F2FD963F1A859A7F0047BB9C /* Sources */,
				F2FD96401A859A7F0047BB9C /* Frameworks */,
				F2FD96411A859A7F0047BB9C /* Resources */,
			);
			buildRules = (
			);
			dependencies = (
			);
			name = PushNotificationApp;
			productName = PushNotificationApp;
			productReference = F2FD96431A859A7F0047BB9C /* PushNotificationApp.app */;
			productType = "com.apple.product-type.application";
		};
		F2FD965B1A859A7F0047BB9C /* PushNotificationAppTests */ = {
			isa = PBXNativeTarget;
			buildConfigurationList = F2FD96691A859A7F0047BB9C /* Build configuration list for PBXNativeTarget "PushNotificationAppTests" */;
			buildPhases = (
				F2FD96581A859A7F0047BB9C /* Sources */,
				F2FD96591A859A7F0047BB9C /* Frameworks */,
				F2FD965A1A859A7F0047BB9C /* Resources */,
			);
			buildRules = (
			);
			dependencies = (
				F2FD965E1A859A7F0047BB9C /* PBXTargetDependency */,
			);
			name = PushNotificationAppTests;
			productName = PushNotificationAppTests;
			productReference = F2FD965C1A859A7F0047BB9C /* PushNotificationAppTests.xctest */;
			productType = "com.apple.product-type.bundle.unit-test";
		};
/* End PBXNativeTarget section */

/* Begin PBXProject section */
		F2FD963B1A859A7F0047BB9C /* Project object */ = {
			isa = PBXProject;
			attributes = {
				LastUpgradeCheck = 0610;
				ORGANIZATIONNAME = "Galileo Guzman";
				TargetAttributes = {
					F2FD96421A859A7F0047BB9C = {
						CreatedOnToolsVersion = 6.1.1;
						DevelopmentTeam = QXF33N93KH;
					};
					F2FD965B1A859A7F0047BB9C = {
						CreatedOnToolsVersion = 6.1.1;
						TestTargetID = F2FD96421A859A7F0047BB9C;
					};
				};
			};
			buildConfigurationList = F2FD963E1A859A7F0047BB9C /* Build configuration list for PBXProject "PushNotificationApp" */;
			compatibilityVersion = "Xcode 3.2";
			developmentRegion = English;
			hasScannedForEncodings = 0;
			knownRegions = (
				en,
				Base,
			);
			mainGroup = F2FD963A1A859A7F0047BB9C;
			productRefGroup = F2FD96441A859A7F0047BB9C /* Products */;
			projectDirPath = "";
			projectRoot = "";
			targets = (
				F2FD96421A859A7F0047BB9C /* PushNotificationApp */,
				F2FD965B1A859A7F0047BB9C /* PushNotificationAppTests */,
			);
		};
/* End PBXProject section */

/* Begin PBXResourcesBuildPhase section */
		F2FD96411A859A7F0047BB9C /* Resources */ = {
			isa = PBXResourcesBuildPhase;
			buildActionMask = 2147483647;
			files = (
				F2FD969E1A859E1B0047BB9C /* index.html in Resources */,
				F2FD96901A859E1B0047BB9C /* PWNetworkEngine.html in Resources */,
				F2FD969C1A859E1B0047BB9C /* library_background.png in Resources */,
				F2FD96941A859E1B0047BB9C /* PWBeaconAction.html in Resources */,
				F2FD96521A859A7F0047BB9C /* Main.storyboard in Resources */,
				F2FD96971A859E1B0047BB9C /* stylesPrint.css in Resources */,
				F2FD969F1A859E1B0047BB9C /* PushNotificationDelegate.html in Resources */,
				F2FD969B1A859E1B0047BB9C /* disclosure_open.png in Resources */,
				F2FD96951A859E1B0047BB9C /* PWSupportedOrientations.html in Resources */,
				F2FD96A91A85B47D0047BB9C /* pushNotificatioinsIcon.png in Resources */,
				F2FD96961A859E1B0047BB9C /* styles.css in Resources */,
				F2FD969A1A859E1B0047BB9C /* disclosure.png in Resources */,
				F2FD96931A859E1B0047BB9C /* PWTags.html in Resources */,
				F2FD96571A859A7F0047BB9C /* LaunchScreen.xib in Resources */,
				F2FD96A11A859E1B0047BB9C /* LICENSE in Resources */,
				F2FD968E1A859E1B0047BB9C /* NSString+GTMNSStringHTMLAdditions.html in Resources */,
				F2FD96921A859E1B0047BB9C /* PWReachability.html in Resources */,
				F2FD96911A859E1B0047BB9C /* PWNetworkOperation.html in Resources */,
				F2FD96991A859E1B0047BB9C /* button_bar_background.png in Resources */,
				F2FD968D1A859E1B0047BB9C /* NSDate+RFC1123.html in Resources */,
				F2FD969D1A859E1B0047BB9C /* title_background.png in Resources */,
				F2FD96541A859A7F0047BB9C /* Images.xcassets in Resources */,
				F2FD96981A859E1B0047BB9C /* hierarchy.html in Resources */,
				F2FD968F1A859E1B0047BB9C /* PushNotificationManager.html in Resources */,
			);
			runOnlyForDeploymentPostprocessing = 0;
		};
		F2FD965A1A859A7F0047BB9C /* Resources */ = {
			isa = PBXResourcesBuildPhase;
			buildActionMask = 2147483647;
			files = (
			);
			runOnlyForDeploymentPostprocessing = 0;
		};
/* End PBXResourcesBuildPhase section */

/* Begin PBXSourcesBuildPhase section */
		F2FD963F1A859A7F0047BB9C /* Sources */ = {
			isa = PBXSourcesBuildPhase;
			buildActionMask = 2147483647;
			files = (
				F2FD964F1A859A7F0047BB9C /* Home.m in Sources */,
				F2FD964C1A859A7F0047BB9C /* AppDelegate.m in Sources */,
				F2FD96A31A859E1B0047BB9C /* VERSION.md in Sources */,
				F2FD96A21A859E1B0047BB9C /* README.md in Sources */,
				F2FD96491A859A7F0047BB9C /* main.m in Sources */,
			);
			runOnlyForDeploymentPostprocessing = 0;
		};
		F2FD96581A859A7F0047BB9C /* Sources */ = {
			isa = PBXSourcesBuildPhase;
			buildActionMask = 2147483647;
			files = (
				F2FD96631A859A7F0047BB9C /* PushNotificationAppTests.m in Sources */,
			);
			runOnlyForDeploymentPostprocessing = 0;
		};
/* End PBXSourcesBuildPhase section */

/* Begin PBXTargetDependency section */
		F2FD965E1A859A7F0047BB9C /* PBXTargetDependency */ = {
			isa = PBXTargetDependency;
			target = F2FD96421A859A7F0047BB9C /* PushNotificationApp */;
			targetProxy = F2FD965D1A859A7F0047BB9C /* PBXContainerItemProxy */;
		};
/* End PBXTargetDependency section */

/* Begin PBXVariantGroup section */
		F2FD96501A859A7F0047BB9C /* Main.storyboard */ = {
			isa = PBXVariantGroup;
			children = (
				F2FD96511A859A7F0047BB9C /* Base */,
			);
			name = Main.storyboard;
			sourceTree = "<group>";
		};
		F2FD96551A859A7F0047BB9C /* LaunchScreen.xib */ = {
			isa = PBXVariantGroup;
			children = (
				F2FD96561A859A7F0047BB9C /* Base */,
			);
			name = LaunchScreen.xib;
			sourceTree = "<group>";
		};
/* End PBXVariantGroup section */

/* Begin XCBuildConfiguration section */
		F2FD96641A859A7F0047BB9C /* Debug */ = {
			isa = XCBuildConfiguration;
			buildSettings = {
				ALWAYS_SEARCH_USER_PATHS = NO;
				CLANG_CXX_LANGUAGE_STANDARD = "gnu++0x";
				CLANG_CXX_LIBRARY = "libc++";
				CLANG_ENABLE_MODULES = YES;
				CLANG_ENABLE_OBJC_ARC = YES;
				CLANG_WARN_BOOL_CONVERSION = YES;
				CLANG_WARN_CONSTANT_CONVERSION = YES;
				CLANG_WARN_DIRECT_OBJC_ISA_USAGE = YES_ERROR;
				CLANG_WARN_EMPTY_BODY = YES;
				CLANG_WARN_ENUM_CONVERSION = YES;
				CLANG_WARN_INT_CONVERSION = YES;
				CLANG_WARN_OBJC_ROOT_CLASS = YES_ERROR;
				CLANG_WARN_UNREACHABLE_CODE = YES;
				CLANG_WARN__DUPLICATE_METHOD_MATCH = YES;
				"CODE_SIGN_IDENTITY[sdk=iphoneos*]" = "iPhone Developer";
				COPY_PHASE_STRIP = NO;
				ENABLE_STRICT_OBJC_MSGSEND = YES;
				GCC_C_LANGUAGE_STANDARD = gnu99;
				GCC_DYNAMIC_NO_PIC = NO;
				GCC_OPTIMIZATION_LEVEL = 0;
				GCC_PREPROCESSOR_DEFINITIONS = (
					"DEBUG=1",
					"$(inherited)",
				);
				GCC_SYMBOLS_PRIVATE_EXTERN = NO;
				GCC_WARN_64_TO_32_BIT_CONVERSION = YES;
				GCC_WARN_ABOUT_RETURN_TYPE = YES_ERROR;
				GCC_WARN_UNDECLARED_SELECTOR = YES;
				GCC_WARN_UNINITIALIZED_AUTOS = YES_AGGRESSIVE;
				GCC_WARN_UNUSED_FUNCTION = YES;
				GCC_WARN_UNUSED_VARIABLE = YES;
				IPHONEOS_DEPLOYMENT_TARGET = 8.1;
				MTL_ENABLE_DEBUG_INFO = YES;
				ONLY_ACTIVE_ARCH = YES;
				SDKROOT = iphoneos;
			};
			name = Debug;
		};
		F2FD96651A859A7F0047BB9C /* Release */ = {
			isa = XCBuildConfiguration;
			buildSettings = {
				ALWAYS_SEARCH_USER_PATHS = NO;
				CLANG_CXX_LANGUAGE_STANDARD = "gnu++0x";
				CLANG_CXX_LIBRARY = "libc++";
				CLANG_ENABLE_MODULES = YES;
				CLANG_ENABLE_OBJC_ARC = YES;
				CLANG_WARN_BOOL_CONVERSION = YES;
				CLANG_WARN_CONSTANT_CONVERSION = YES;
				CLANG_WARN_DIRECT_OBJC_ISA_USAGE = YES_ERROR;
				CLANG_WARN_EMPTY_BODY = YES;
				CLANG_WARN_ENUM_CONVERSION = YES;
				CLANG_WARN_INT_CONVERSION = YES;
				CLANG_WARN_OBJC_ROOT_CLASS = YES_ERROR;
				CLANG_WARN_UNREACHABLE_CODE = YES;
				CLANG_WARN__DUPLICATE_METHOD_MATCH = YES;
				"CODE_SIGN_IDENTITY[sdk=iphoneos*]" = "iPhone Developer";
				COPY_PHASE_STRIP = YES;
				ENABLE_NS_ASSERTIONS = NO;
				ENABLE_STRICT_OBJC_MSGSEND = YES;
				GCC_C_LANGUAGE_STANDARD = gnu99;
				GCC_WARN_64_TO_32_BIT_CONVERSION = YES;
				GCC_WARN_ABOUT_RETURN_TYPE = YES_ERROR;
				GCC_WARN_UNDECLARED_SELECTOR = YES;
				GCC_WARN_UNINITIALIZED_AUTOS = YES_AGGRESSIVE;
				GCC_WARN_UNUSED_FUNCTION = YES;
				GCC_WARN_UNUSED_VARIABLE = YES;
				IPHONEOS_DEPLOYMENT_TARGET = 8.1;
				MTL_ENABLE_DEBUG_INFO = NO;
				SDKROOT = iphoneos;
				VALIDATE_PRODUCT = YES;
			};
			name = Release;
		};
		F2FD96671A859A7F0047BB9C /* Debug */ = {
			isa = XCBuildConfiguration;
			buildSettings = {
				ASSETCATALOG_COMPILER_APPICON_NAME = AppIcon;
				CODE_SIGN_IDENTITY = "iPhone Developer";
				FRAMEWORK_SEARCH_PATHS = (
					"$(inherited)",
					"$(PROJECT_DIR)/PushNotificationApp/pushwoosh-ios-sdk-master/Framework",
				);
				INFOPLIST_FILE = PushNotificationApp/Info.plist;
				LD_RUNPATH_SEARCH_PATHS = "$(inherited) @executable_path/Frameworks";
				OTHER_LDFLAGS = "-ObjC";
				PRODUCT_NAME = "$(TARGET_NAME)";
				PROVISIONING_PROFILE = "707f6077-9d29-477b-bd00-6917c8a139b3";
			};
			name = Debug;
		};
		F2FD96681A859A7F0047BB9C /* Release */ = {
			isa = XCBuildConfiguration;
			buildSettings = {
				ASSETCATALOG_COMPILER_APPICON_NAME = AppIcon;
				CODE_SIGN_IDENTITY = "iPhone Developer";
				FRAMEWORK_SEARCH_PATHS = (
					"$(inherited)",
					"$(PROJECT_DIR)/PushNotificationApp/pushwoosh-ios-sdk-master/Framework",
				);
				INFOPLIST_FILE = PushNotificationApp/Info.plist;
				LD_RUNPATH_SEARCH_PATHS = "$(inherited) @executable_path/Frameworks";
				OTHER_LDFLAGS = "-ObjC";
				PRODUCT_NAME = "$(TARGET_NAME)";
				PROVISIONING_PROFILE = "707f6077-9d29-477b-bd00-6917c8a139b3";
			};
			name = Release;
		};
		F2FD966A1A859A7F0047BB9C /* Debug */ = {
			isa = XCBuildConfiguration;
			buildSettings = {
				BUNDLE_LOADER = "$(TEST_HOST)";
				FRAMEWORK_SEARCH_PATHS = (
					"$(SDKROOT)/Developer/Library/Frameworks",
					"$(inherited)",
				);
				GCC_PREPROCESSOR_DEFINITIONS = (
					"DEBUG=1",
					"$(inherited)",
				);
				INFOPLIST_FILE = PushNotificationAppTests/Info.plist;
				LD_RUNPATH_SEARCH_PATHS = "$(inherited) @executable_path/Frameworks @loader_path/Frameworks";
				PRODUCT_NAME = "$(TARGET_NAME)";
				TEST_HOST = "$(BUILT_PRODUCTS_DIR)/PushNotificationApp.app/PushNotificationApp";
			};
			name = Debug;
		};
		F2FD966B1A859A7F0047BB9C /* Release */ = {
			isa = XCBuildConfiguration;
			buildSettings = {
				BUNDLE_LOADER = "$(TEST_HOST)";
				FRAMEWORK_SEARCH_PATHS = (
					"$(SDKROOT)/Developer/Library/Frameworks",
					"$(inherited)",
				);
				INFOPLIST_FILE = PushNotificationAppTests/Info.plist;
				LD_RUNPATH_SEARCH_PATHS = "$(inherited) @executable_path/Frameworks @loader_path/Frameworks";
				PRODUCT_NAME = "$(TARGET_NAME)";
				TEST_HOST = "$(BUILT_PRODUCTS_DIR)/PushNotificationApp.app/PushNotificationApp";
			};
			name = Release;
		};
/* End XCBuildConfiguration section */

/* Begin XCConfigurationList section */
		F2FD963E1A859A7F0047BB9C /* Build configuration list for PBXProject "PushNotificationApp" */ = {
			isa = XCConfigurationList;
			buildConfigurations = (
				F2FD96641A859A7F0047BB9C /* Debug */,
				F2FD96651A859A7F0047BB9C /* Release */,
			);
			defaultConfigurationIsVisible = 0;
			defaultConfigurationName = Release;
		};
		F2FD96661A859A7F0047BB9C /* Build configuration list for PBXNativeTarget "PushNotificationApp" */ = {
			isa = XCConfigurationList;
			buildConfigurations = (
				F2FD96671A859A7F0047BB9C /* Debug */,
				F2FD96681A859A7F0047BB9C /* Release */,
			);
			defaultConfigurationIsVisible = 0;
		};
		F2FD96691A859A7F0047BB9C /* Build configuration list for PBXNativeTarget "PushNotificationAppTests" */ = {
			isa = XCConfigurationList;
			buildConfigurations = (
				F2FD966A1A859A7F0047BB9C /* Debug */,
				F2FD966B1A859A7F0047BB9C /* Release */,
			);
			defaultConfigurationIsVisible = 0;
		};
/* End XCConfigurationList section */
	};
	rootObject = F2FD963B1A859A7F0047BB9C /* Project object */;
}
